
Microsoft Visual Studio Solution File, Format Version 12.00
# Visual Studio Version 16
VisualStudioVersion = 16.0.32510.428
MinimumVisualStudioVersion = 10.0.40219.1
Project("{FAE04EC0-301F-11D3-BF4B-00C04F79EFBC}") = "VeelkiBetSettle", "VeelkiBetSettle\VeelkiBetSettle.csproj", "{4D602BDB-9FEF-424B-A0BF-8F02FDE0F472}"
EndProject
Global
	GlobalSection(SolutionConfigurationPlatforms) = preSolution
		Debug|Any CPU = Debug|Any CPU
		Release|Any CPU = Release|Any CPU
	EndGlobalSection
	GlobalSection(ProjectConfigurationPlatforms) = postSolution
		{4D602BDB-9FEF-424B-A0BF-8F02FDE0F472}.Debug|Any CPU.ActiveCfg = Debug|Any CPU
		{4D602BDB-9FEF-424B-A0BF-8F02FDE0F472}.Debug|Any CPU.Build.0 = Debug|Any CPU
		{4D602BDB-9FEF-424B-A0BF-8F02FDE0F472}.Release|Any CPU.ActiveCfg = Release|Any CPU
		{4D602BDB-9FEF-424B-A0BF-8F02FDE0F472}.Release|Any CPU.Build.0 = Release|Any CPU
	EndGlobalSection
	GlobalSection(SolutionProperties) = preSolution
		HideSolutionNode = FALSE
	EndGlobalSection
	GlobalSection(ExtensibilityGlobals) = postSolution
		SolutionGuid = {2DD3E7EB-57B4-4646-8874-6A57487429B3}
	EndGlobalSection
EndGlobal
