
Microsoft Visual Studio Solution File, Format Version 12.00
# Visual Studio Version 16
VisualStudioVersion = 16.0.32510.428
MinimumVisualStudioVersion = 10.0.40219.1
Project("{FAE04EC0-301F-11D3-BF4B-00C04F79EFBC}") = "Veelki.Admin", "Veelki.Admin\Veelki.Admin.csproj", "{0FB8C2EC-9196-4FD6-B19B-770031350195}"
EndProject
Project("{FAE04EC0-301F-11D3-BF4B-00C04F79EFBC}") = "Veelki.Api", "Veelki.Api\Veelki.Api.csproj", "{38A5DC4B-A546-47C1-ABBD-0BED60529949}"
EndProject
Project("{FAE04EC0-301F-11D3-BF4B-00C04F79EFBC}") = "Veelki.Core", "Veelki.Core\Veelki.Core.csproj", "{016991E5-C888-468D-9142-BFCE4BD71CB3}"
EndProject
Project("{FAE04EC0-301F-11D3-BF4B-00C04F79EFBC}") = "Veelki.Data", "Veelki.Data\Veelki.Data.csproj", "{4D747214-1B92-4C4E-9163-A85AED6F06D6}"
EndProject
Project("{FAE04EC0-301F-11D3-BF4B-00C04F79EFBC}") = "Veelki.Model", "Veelki.Model\Veelki.Model.csproj", "{BD172BC4-6ECA-443F-8BBF-61BD58B05C6E}"
EndProject
Global
	GlobalSection(SolutionConfigurationPlatforms) = preSolution
		Debug|Any CPU = Debug|Any CPU
		Release|Any CPU = Release|Any CPU
	EndGlobalSection
	GlobalSection(ProjectConfigurationPlatforms) = postSolution
		{0FB8C2EC-9196-4FD6-B19B-770031350195}.Debug|Any CPU.ActiveCfg = Debug|Any CPU
		{0FB8C2EC-9196-4FD6-B19B-770031350195}.Debug|Any CPU.Build.0 = Debug|Any CPU
		{0FB8C2EC-9196-4FD6-B19B-770031350195}.Release|Any CPU.ActiveCfg = Release|Any CPU
		{0FB8C2EC-9196-4FD6-B19B-770031350195}.Release|Any CPU.Build.0 = Release|Any CPU
		{38A5DC4B-A546-47C1-ABBD-0BED60529949}.Debug|Any CPU.ActiveCfg = Debug|Any CPU
		{38A5DC4B-A546-47C1-ABBD-0BED60529949}.Debug|Any CPU.Build.0 = Debug|Any CPU
		{38A5DC4B-A546-47C1-ABBD-0BED60529949}.Release|Any CPU.ActiveCfg = Release|Any CPU
		{38A5DC4B-A546-47C1-ABBD-0BED60529949}.Release|Any CPU.Build.0 = Release|Any CPU
		{016991E5-C888-468D-9142-BFCE4BD71CB3}.Debug|Any CPU.ActiveCfg = Debug|Any CPU
		{016991E5-C888-468D-9142-BFCE4BD71CB3}.Debug|Any CPU.Build.0 = Debug|Any CPU
		{016991E5-C888-468D-9142-BFCE4BD71CB3}.Release|Any CPU.ActiveCfg = Release|Any CPU
		{016991E5-C888-468D-9142-BFCE4BD71CB3}.Release|Any CPU.Build.0 = Release|Any CPU
		{4D747214-1B92-4C4E-9163-A85AED6F06D6}.Debug|Any CPU.ActiveCfg = Debug|Any CPU
		{4D747214-1B92-4C4E-9163-A85AED6F06D6}.Debug|Any CPU.Build.0 = Debug|Any CPU
		{4D747214-1B92-4C4E-9163-A85AED6F06D6}.Release|Any CPU.ActiveCfg = Release|Any CPU
		{4D747214-1B92-4C4E-9163-A85AED6F06D6}.Release|Any CPU.Build.0 = Release|Any CPU
		{BD172BC4-6ECA-443F-8BBF-61BD58B05C6E}.Debug|Any CPU.ActiveCfg = Debug|Any CPU
		{BD172BC4-6ECA-443F-8BBF-61BD58B05C6E}.Debug|Any CPU.Build.0 = Debug|Any CPU
		{BD172BC4-6ECA-443F-8BBF-61BD58B05C6E}.Release|Any CPU.ActiveCfg = Release|Any CPU
		{BD172BC4-6ECA-443F-8BBF-61BD58B05C6E}.Release|Any CPU.Build.0 = Release|Any CPU
	EndGlobalSection
	GlobalSection(SolutionProperties) = preSolution
		HideSolutionNode = FALSE
	EndGlobalSection
	GlobalSection(ExtensibilityGlobals) = postSolution
		SolutionGuid = {1A31973E-5045-408F-9347-C98720E004A3}
	EndGlobalSection
EndGlobal
